
Microsoft Visual Studio Solution File, Format Version 12.00
# Visual Studio 2012
Project("{FAE04EC0-301F-11D3-BF4B-00C04F79EFBC}") = "Ritmodelanoche", "Ritmodelanoche\Ritmodelanoche.csproj", "{6366E12D-B3AE-4127-981E-83EFC0B8417E}"
EndProject
Project("{FAE04EC0-301F-11D3-BF4B-00C04F79EFBC}") = "Ritmodelanoche.Droid", "Droid\Ritmodelanoche.Droid.csproj", "{30AC337D-4233-4B77-8D19-09195D9877F9}"
EndProject
Project("{FAE04EC0-301F-11D3-BF4B-00C04F79EFBC}") = "Ritmodelanoche.UITests", "UITests\Ritmodelanoche.UITests.csproj", "{2CFF03C6-48B0-40AB-9FC0-F1375C3E85ED}"
EndProject
Global
	GlobalSection(SolutionConfigurationPlatforms) = preSolution
		Debug|Any CPU = Debug|Any CPU
		Release|Any CPU = Release|Any CPU
	EndGlobalSection
	GlobalSection(ProjectConfigurationPlatforms) = postSolution
		{2CFF03C6-48B0-40AB-9FC0-F1375C3E85ED}.Debug|Any CPU.ActiveCfg = Debug|Any CPU
		{2CFF03C6-48B0-40AB-9FC0-F1375C3E85ED}.Debug|Any CPU.Build.0 = Debug|Any CPU
		{2CFF03C6-48B0-40AB-9FC0-F1375C3E85ED}.Release|Any CPU.ActiveCfg = Release|Any CPU
		{2CFF03C6-48B0-40AB-9FC0-F1375C3E85ED}.Release|Any CPU.Build.0 = Release|Any CPU
		{30AC337D-4233-4B77-8D19-09195D9877F9}.Debug|Any CPU.ActiveCfg = Debug|Any CPU
		{30AC337D-4233-4B77-8D19-09195D9877F9}.Debug|Any CPU.Build.0 = Debug|Any CPU
		{30AC337D-4233-4B77-8D19-09195D9877F9}.Release|Any CPU.ActiveCfg = Release|Any CPU
		{30AC337D-4233-4B77-8D19-09195D9877F9}.Release|Any CPU.Build.0 = Release|Any CPU
		{6366E12D-B3AE-4127-981E-83EFC0B8417E}.Debug|Any CPU.ActiveCfg = Debug|Any CPU
		{6366E12D-B3AE-4127-981E-83EFC0B8417E}.Debug|Any CPU.Build.0 = Debug|Any CPU
		{6366E12D-B3AE-4127-981E-83EFC0B8417E}.Release|Any CPU.ActiveCfg = Release|Any CPU
		{6366E12D-B3AE-4127-981E-83EFC0B8417E}.Release|Any CPU.Build.0 = Release|Any CPU
	EndGlobalSection
	GlobalSection(MonoDevelopProperties) = preSolution
		Policies = $0
		$0.DotNetNamingPolicy = $1
		$1.DirectoryNamespaceAssociation = None
		$1.ResourceNamePolicy = FileFormatDefault
	EndGlobalSection
EndGlobal
